# THIS IS AN AUTOGENERATED FILE. DO NOT EDIT THIS FILE DIRECTLY.
# yarn lockfile v1


"abbrev@1", "abbrev@1.0.x":
  "integrity" "sha1-kbR5JYinc4wl813W9jdSovh3YTU="
  "resolved" "https://registry.npmjs.org/abbrev/-/abbrev-1.0.9.tgz"
  "version" "1.0.9"

"align-text@^0.1.1", "align-text@^0.1.3":
  "integrity" "sha1-DNkKVhCT810KmSVsIrcGlDP60Rc="
  "resolved" "https://registry.npmjs.org/align-text/-/align-text-0.1.4.tgz"
  "version" "0.1.4"
  dependencies:
    "kind-of" "^3.0.2"
    "longest" "^1.0.1"
    "repeat-string" "^1.5.2"

"amdefine@>=0.0.4":
  "integrity" "sha1-SlKCrBZHKek2Gbz9OtFR+BfOkfU="
  "resolved" "https://registry.npmjs.org/amdefine/-/amdefine-1.0.1.tgz"
  "version" "1.0.1"

"any-promise@^1.0.0":
  "integrity" "sha1-q8av7tzqUugJzcA3au0845Y10X8="
  "resolved" "https://registry.npmjs.org/any-promise/-/any-promise-1.3.0.tgz"
  "version" "1.3.0"

"argparse@^1.0.7":
  "integrity" "sha1-c9g7wmP4bpf4zE9rrhsOkKfSLIY="
  "resolved" "https://registry.npmjs.org/argparse/-/argparse-1.0.9.tgz"
  "version" "1.0.9"
  dependencies:
    "sprintf-js" "~1.0.2"

"async@^1.4.0", "async@1.x":
  "integrity" "sha1-7GphrlZIDAw8skHJVhjiCJL5Zyo="
  "resolved" "https://registry.npmjs.org/async/-/async-1.5.2.tgz"
  "version" "1.5.2"

"async@~0.2.6":
  "integrity" "sha1-trvgsGdLnXGXCMo43owjfLUmw9E="
  "resolved" "https://registry.npmjs.org/async/-/async-0.2.10.tgz"
  "version" "0.2.10"

"async@0.2.10":
  "integrity" "sha1-trvgsGdLnXGXCMo43owjfLUmw9E="
  "resolved" "https://registry.npmjs.org/async/-/async-0.2.10.tgz"
  "version" "0.2.10"

"balanced-match@^0.4.1":
  "integrity" "sha1-yz8+PHMtwPAe5wtAPzAuYddwmDg="
  "resolved" "https://registry.npmjs.org/balanced-match/-/balanced-match-0.4.2.tgz"
  "version" "0.4.2"

"binary-search-tree@0.2.5":
  "integrity" "sha1-fbs7IQ/coIJFDa0jNMMErzm9x4Q="
  "resolved" "https://registry.npmjs.org/binary-search-tree/-/binary-search-tree-0.2.5.tgz"
  "version" "0.2.5"
  dependencies:
    "underscore" "~1.4.4"

"brace-expansion@^1.0.0":
  "integrity" "sha1-cZfX6qm4fmSDkOph/GbIRCdCDfk="
  "resolved" "https://registry.npmjs.org/brace-expansion/-/brace-expansion-1.1.6.tgz"
  "version" "1.1.6"
  dependencies:
    "balanced-match" "^0.4.1"
    "concat-map" "0.0.1"

"browser-stdout@1.3.0":
  "integrity" "sha1-81HTKWnTL6XXpVZxVCY9korjvR8="
  "resolved" "https://registry.npmjs.org/browser-stdout/-/browser-stdout-1.3.0.tgz"
  "version" "1.3.0"

"camelcase@^1.0.2":
  "integrity" "sha1-m7UwTS4LVmmLLHWLCKPqqdqlijk="
  "resolved" "https://registry.npmjs.org/camelcase/-/camelcase-1.2.1.tgz"
  "version" "1.2.1"

"center-align@^0.1.1":
  "integrity" "sha1-qg0yYptu6XIgBBHL1EYckHvCt60="
  "resolved" "https://registry.npmjs.org/center-align/-/center-align-0.1.3.tgz"
  "version" "0.1.3"
  dependencies:
    "align-text" "^0.1.3"
    "lazy-cache" "^1.0.3"

"cliui@^2.1.0":
  "integrity" "sha1-S0dXYP+AJkx2LDoXGQMukcf+oNE="
  "resolved" "https://registry.npmjs.org/cliui/-/cliui-2.1.0.tgz"
  "version" "2.1.0"
  dependencies:
    "center-align" "^0.1.1"
    "right-align" "^0.1.1"
    "wordwrap" "0.0.2"

"co@^4.6.0":
  "integrity" "sha1-bqa989hTrlTMuOR7+gvz+QMfsYQ="
  "resolved" "https://registry.npmjs.org/co/-/co-4.6.0.tgz"
  "version" "4.6.0"

"commander@2.9.0":
  "integrity" "sha1-nJkJQXbhIkDLItbFFGCYQA/g99Q="
  "resolved" "https://registry.npmjs.org/commander/-/commander-2.9.0.tgz"
  "version" "2.9.0"
  dependencies:
    "graceful-readlink" ">= 1.0.0"

"concat-map@0.0.1":
  "integrity" "sha1-2Klr13/Wjfd5OnMDajug1UBdR3s="
  "resolved" "https://registry.npmjs.org/concat-map/-/concat-map-0.0.1.tgz"
  "version" "0.0.1"

"debug@2.2.0":
  "integrity" "sha1-+HBX6ZWxofauaklgZkE3vFbwOdo="
  "resolved" "https://registry.npmjs.org/debug/-/debug-2.2.0.tgz"
  "version" "2.2.0"
  dependencies:
    "ms" "0.7.1"

"decamelize@^1.0.0":
  "integrity" "sha1-9lNNFRSCabIDUue+4m9QH5oZEpA="
  "resolved" "https://registry.npmjs.org/decamelize/-/decamelize-1.2.0.tgz"
  "version" "1.2.0"

"deep-is@~0.1.3":
  "integrity" "sha1-s2nW+128E+7PUk+RsHD+7cNXzzQ="
  "resolved" "https://registry.npmjs.org/deep-is/-/deep-is-0.1.3.tgz"
  "version" "0.1.3"

"diff@1.4.0":
  "integrity" "sha1-fyjS657nsVqX79ic5j3P2qPMur8="
  "resolved" "https://registry.npmjs.org/diff/-/diff-1.4.0.tgz"
  "version" "1.4.0"

"escape-string-regexp@1.0.5":
  "integrity" "sha1-G2HAViGQqN/2rjuyzwIAyhMLhtQ="
  "resolved" "https://registry.npmjs.org/escape-string-regexp/-/escape-string-regexp-1.0.5.tgz"
  "version" "1.0.5"

"escodegen@1.8.x":
  "integrity" "sha1-WltTr0aTEQvrsIZ6o0MN07cKEBg="
  "resolved" "https://registry.npmjs.org/escodegen/-/escodegen-1.8.1.tgz"
  "version" "1.8.1"
  dependencies:
    "esprima" "^2.7.1"
    "estraverse" "^1.9.1"
    "esutils" "^2.0.2"
    "optionator" "^0.8.1"
  optionalDependencies:
    "source-map" "~0.2.0"

"esprima@^2.6.0", "esprima@^2.7.1", "esprima@2.7.x":
  "integrity" "sha1-luO3DVd59q1JzQMmc9HDEnZ7pYE="
  "resolved" "https://registry.npmjs.org/esprima/-/esprima-2.7.3.tgz"
  "version" "2.7.3"

"estraverse@^1.9.1":
  "integrity" "sha1-r2fy3JIlgkFZUJJgkaQAXSnJu0Q="
  "resolved" "https://registry.npmjs.org/estraverse/-/estraverse-1.9.3.tgz"
  "version" "1.9.3"

"esutils@^2.0.2":
  "integrity" "sha1-Cr9PHKpbyx96nYrMbepPqqBLrJs="
  "resolved" "https://registry.npmjs.org/esutils/-/esutils-2.0.2.tgz"
  "version" "2.0.2"

"fast-levenshtein@~2.0.4":
  "integrity" "sha1-PYpcZog6FqMMqGQ+hR8Zuqd5eRc="
  "resolved" "https://registry.npmjs.org/fast-levenshtein/-/fast-levenshtein-2.0.6.tgz"
  "version" "2.0.6"

"fs.realpath@^1.0.0":
  "integrity" "sha1-FQStJSMVjKpA20onh8sBQRmU6k8="
  "resolved" "https://registry.npmjs.org/fs.realpath/-/fs.realpath-1.0.0.tgz"
  "version" "1.0.0"

"glob@^5.0.15":
  "integrity" "sha1-G8k2ueAvSmA/zCIuz3Yz0wuLk7E="
  "resolved" "https://registry.npmjs.org/glob/-/glob-5.0.15.tgz"
  "version" "5.0.15"
  dependencies:
    "inflight" "^1.0.4"
    "inherits" "2"
    "minimatch" "2 || 3"
    "once" "^1.3.0"
    "path-is-absolute" "^1.0.0"

"glob@7.0.5":
  "integrity" "sha1-tCAqaQmbu00pKnwblbZoK2fr3JU="
  "resolved" "https://registry.npmjs.org/glob/-/glob-7.0.5.tgz"
  "version" "7.0.5"
  dependencies:
    "fs.realpath" "^1.0.0"
    "inflight" "^1.0.4"
    "inherits" "2"
    "minimatch" "^3.0.2"
    "once" "^1.3.0"
    "path-is-absolute" "^1.0.0"

"graceful-readlink@>= 1.0.0":
  "integrity" "sha1-TK+tdrxi8C+gObL5Tpo906ORpyU="
  "resolved" "https://registry.npmjs.org/graceful-readlink/-/graceful-readlink-1.0.1.tgz"
  "version" "1.0.1"

"growl@1.9.2":
  "integrity" "sha1-Dqd0NxXbjY3ixe3hd14bRayFwC8="
  "resolved" "https://registry.npmjs.org/growl/-/growl-1.9.2.tgz"
  "version" "1.9.2"

"handlebars@^4.0.1":
  "integrity" "sha1-LORISFBTf5yXqAJtU5m5NcTtTtc="
  "resolved" "https://registry.npmjs.org/handlebars/-/handlebars-4.0.6.tgz"
  "version" "4.0.6"
  dependencies:
    "async" "^1.4.0"
    "optimist" "^0.6.1"
    "source-map" "^0.4.4"
  optionalDependencies:
    "uglify-js" "^2.6"

"has-flag@^1.0.0":
  "integrity" "sha1-nZ55MWXOAXoA8AQYxD+UKnsdEfo="
  "resolved" "https://registry.npmjs.org/has-flag/-/has-flag-1.0.0.tgz"
  "version" "1.0.0"

"immediate@~3.0.5":
  "integrity" "sha1-nbHb0Pr43m++D13V5Wu2BigN5ps="
  "resolved" "https://registry.npmjs.org/immediate/-/immediate-3.0.6.tgz"
  "version" "3.0.6"

"inflight@^1.0.4":
  "integrity" "sha1-Sb1jMdfQLQwJvJEKEHW6gWW1bfk="
  "resolved" "https://registry.npmjs.org/inflight/-/inflight-1.0.6.tgz"
  "version" "1.0.6"
  dependencies:
    "once" "^1.3.0"
    "wrappy" "1"

"inherits@2":
  "integrity" "sha1-Yzwsg+PaQqUC9SRmAiSA9CCCYd4="
  "resolved" "https://registry.npmjs.org/inherits/-/inherits-2.0.3.tgz"
  "version" "2.0.3"

"is-buffer@^1.0.2":
  "integrity" "sha1-z8hszV3FpS+oBIkRHGkgxFfi2Ys="
  "resolved" "https://registry.npmjs.org/is-buffer/-/is-buffer-1.1.4.tgz"
  "version" "1.1.4"

"isexe@^1.1.1":
  "integrity" "sha1-NvPiLmB1CSD15yQaR2qMakInWtA="
  "resolved" "https://registry.npmjs.org/isexe/-/isexe-1.1.2.tgz"
  "version" "1.1.2"

"istanbul@^0.4.2":
  "integrity" "sha1-ZcfXPUxNqE1POsMQuRj7C4Azczs="
  "resolved" "https://registry.npmjs.org/istanbul/-/istanbul-0.4.5.tgz"
  "version" "0.4.5"
  dependencies:
    "abbrev" "1.0.x"
    "async" "1.x"
    "escodegen" "1.8.x"
    "esprima" "2.7.x"
    "glob" "^5.0.15"
    "handlebars" "^4.0.1"
    "js-yaml" "3.x"
    "mkdirp" "0.5.x"
    "nopt" "3.x"
    "once" "1.x"
    "resolve" "1.1.x"
    "supports-color" "^3.1.0"
    "which" "^1.1.1"
    "wordwrap" "^1.0.0"

"js-yaml@3.x":
  "integrity" "sha1-XJZ93YN6m/3KXy3oQlOr6KHAO4A="
  "resolved" "https://registry.npmjs.org/js-yaml/-/js-yaml-3.7.0.tgz"
  "version" "3.7.0"
  dependencies:
    "argparse" "^1.0.7"
    "esprima" "^2.6.0"

"json3@3.3.2":
  "integrity" "sha1-PAQ0dD35Pi9cQq7nsZvLSDV19OE="
  "resolved" "https://registry.npmjs.org/json3/-/json3-3.3.2.tgz"
  "version" "3.3.2"

"kind-of@^3.0.2":
  "integrity" "sha1-R11pil5J/15T0U4+cyQp3Iv0z0c="
  "resolved" "https://registry.npmjs.org/kind-of/-/kind-of-3.1.0.tgz"
  "version" "3.1.0"
  dependencies:
    "is-buffer" "^1.0.2"

"lazy-cache@^1.0.3":
  "integrity" "sha1-odePw6UEdMuAhF07O24dpJpEbo4="
  "resolved" "https://registry.npmjs.org/lazy-cache/-/lazy-cache-1.0.4.tgz"
  "version" "1.0.4"

"levn@~0.3.0":
  "integrity" "sha1-OwmSTt+fCDwEkP3UwLxEIeBHZO4="
  "resolved" "https://registry.npmjs.org/levn/-/levn-0.3.0.tgz"
  "version" "0.3.0"
  dependencies:
    "prelude-ls" "~1.1.2"
    "type-check" "~0.3.2"

"lie@3.1.1":
  "integrity" "sha1-mkNrLMd0bKWd56QfpGmz77dr2H4="
  "resolved" "https://registry.npmjs.org/lie/-/lie-3.1.1.tgz"
  "version" "3.1.1"
  dependencies:
    "immediate" "~3.0.5"

"localforage@^1.3.0":
  "integrity" "sha512-rR1oyNrKulpe+VM9cYmcFn6tsHuokyVHFaCM3+osEmxaHTbEk8oQu6eGDfS6DQLWi/N67XRmB8ECG37OES368g=="
  "resolved" "https://registry.npmjs.org/localforage/-/localforage-1.9.0.tgz"
  "version" "1.9.0"
  dependencies:
    "lie" "3.1.1"

"lodash._baseassign@^3.0.0":
  "integrity" "sha1-jDigmVAPIVrQnlnxci/QxSv+Ck4="
  "resolved" "https://registry.npmjs.org/lodash._baseassign/-/lodash._baseassign-3.2.0.tgz"
  "version" "3.2.0"
  dependencies:
    "lodash._basecopy" "^3.0.0"
    "lodash.keys" "^3.0.0"

"lodash._basecopy@^3.0.0":
  "integrity" "sha1-jaDmqHbPNEwK2KVIghEd08XHyjY="
  "resolved" "https://registry.npmjs.org/lodash._basecopy/-/lodash._basecopy-3.0.1.tgz"
  "version" "3.0.1"

"lodash._basecreate@^3.0.0":
  "integrity" "sha1-G8ZhYU2qf8MRt9A78WgGoCE8+CE="
  "resolved" "https://registry.npmjs.org/lodash._basecreate/-/lodash._basecreate-3.0.3.tgz"
  "version" "3.0.3"

"lodash._getnative@^3.0.0":
  "integrity" "sha1-VwvH3t5G1hzc3mh9ZdPuy6o6r/U="
  "resolved" "https://registry.npmjs.org/lodash._getnative/-/lodash._getnative-3.9.1.tgz"
  "version" "3.9.1"

"lodash._isiterateecall@^3.0.0":
  "integrity" "sha1-UgOte6Ql+uhCRg5pbbnPPmqsBXw="
  "resolved" "https://registry.npmjs.org/lodash._isiterateecall/-/lodash._isiterateecall-3.0.9.tgz"
  "version" "3.0.9"

"lodash.create@3.1.1":
  "integrity" "sha1-1/KEnw29p+BGgruM1yqwIkYd6+c="
  "resolved" "https://registry.npmjs.org/lodash.create/-/lodash.create-3.1.1.tgz"
  "version" "3.1.1"
  dependencies:
    "lodash._baseassign" "^3.0.0"
    "lodash._basecreate" "^3.0.0"
    "lodash._isiterateecall" "^3.0.0"

"lodash.isarguments@^3.0.0":
  "integrity" "sha1-L1c9hcaiQon/AGY7SRwdM4/zRYo="
  "resolved" "https://registry.npmjs.org/lodash.isarguments/-/lodash.isarguments-3.1.0.tgz"
  "version" "3.1.0"

"lodash.isarray@^3.0.0":
  "integrity" "sha1-eeTriMNqgSKvhvhEqpvNhRtfu1U="
  "resolved" "https://registry.npmjs.org/lodash.isarray/-/lodash.isarray-3.0.4.tgz"
  "version" "3.0.4"

"lodash.keys@^3.0.0":
  "integrity" "sha1-TbwEcrFWvlCgsoaFXRvQsMZWCYo="
  "resolved" "https://registry.npmjs.org/lodash.keys/-/lodash.keys-3.1.2.tgz"
  "version" "3.1.2"
  dependencies:
    "lodash._getnative" "^3.0.0"
    "lodash.isarguments" "^3.0.0"
    "lodash.isarray" "^3.0.0"

"lodash@^4.5.1":
  "integrity" "sha1-eCA6TRwyiuHYbcpkYONptX9AVa4="
  "resolved" "https://registry.npmjs.org/lodash/-/lodash-4.17.4.tgz"
  "version" "4.17.4"

"longest@^1.0.1":
  "integrity" "sha1-MKCy2jj3N3DoKUoNIuZiXtd9AJc="
  "resolved" "https://registry.npmjs.org/longest/-/longest-1.0.1.tgz"
  "version" "1.0.1"

"minimatch@^3.0.2", "minimatch@2 || 3":
  "integrity" "sha1-Kk5AkLlrLbBqnX3wEFWmKnfJt3Q="
  "resolved" "https://registry.npmjs.org/minimatch/-/minimatch-3.0.3.tgz"
  "version" "3.0.3"
  dependencies:
    "brace-expansion" "^1.0.0"

"minimist@~0.0.1", "minimist@0.0.8":
  "integrity" "sha1-hX/Kv8M5fSYluCKCYuhqp6ARsF0="
  "resolved" "https://registry.npmjs.org/minimist/-/minimist-0.0.8.tgz"
  "version" "0.0.8"

"mkdirp@~0.5.1", "mkdirp@0.5.1", "mkdirp@0.5.x":
  "integrity" "sha1-MAV0OOrGz3+MR2fzhkjWaX11yQM="
  "resolved" "https://registry.npmjs.org/mkdirp/-/mkdirp-0.5.1.tgz"
  "version" "0.5.1"
  dependencies:
    "minimist" "0.0.8"

"mocha@^3.2.0":
  "integrity" "sha1-fcT0XlCIB1FxpoiWgU5q6et6heM="
  "resolved" "https://registry.npmjs.org/mocha/-/mocha-3.2.0.tgz"
  "version" "3.2.0"
  dependencies:
    "browser-stdout" "1.3.0"
    "commander" "2.9.0"
    "debug" "2.2.0"
    "diff" "1.4.0"
    "escape-string-regexp" "1.0.5"
    "glob" "7.0.5"
    "growl" "1.9.2"
    "json3" "3.3.2"
    "lodash.create" "3.1.1"
    "mkdirp" "0.5.1"
    "supports-color" "3.1.2"

"ms@0.7.1":
  "integrity" "sha1-nNE8A62/8ltl7/3nzoZO6VIBcJg="
  "resolved" "https://registry.npmjs.org/ms/-/ms-0.7.1.tgz"
  "version" "0.7.1"

"nedb@github:fabian0896/nedb":
  "resolved" "git+ssh://git@github.com/fabian0896/nedb.git#9167115d0d590348ea26ba1fa817b991044c89b5"
  "version" "1.8.0"
  dependencies:
    "async" "0.2.10"
    "binary-search-tree" "0.2.5"
    "localforage" "^1.3.0"
    "mkdirp" "~0.5.1"
    "underscore" "~1.4.4"

"nopt@3.x":
  "integrity" "sha1-xkZdvwirzU2zWTF/eaxopkayj/k="
  "resolved" "https://registry.npmjs.org/nopt/-/nopt-3.0.6.tgz"
  "version" "3.0.6"
  dependencies:
    "abbrev" "1"

"once@^1.3.0", "once@1.x":
  "integrity" "sha1-WDsap3WWHUsROsF9nFC6753Xa9E="
  "resolved" "https://registry.npmjs.org/once/-/once-1.4.0.tgz"
  "version" "1.4.0"
  dependencies:
    "wrappy" "1"

"optimist@^0.6.1":
  "integrity" "sha1-2j6nRob6IaGaERwybpDrFaAZZoY="
  "resolved" "https://registry.npmjs.org/optimist/-/optimist-0.6.1.tgz"
  "version" "0.6.1"
  dependencies:
    "minimist" "~0.0.1"
    "wordwrap" "~0.0.2"

"optionator@^0.8.1":
  "integrity" "sha1-NkxeQJ0/TWMB1sC0wFu6UBgK62Q="
  "resolved" "https://registry.npmjs.org/optionator/-/optionator-0.8.2.tgz"
  "version" "0.8.2"
  dependencies:
    "deep-is" "~0.1.3"
    "fast-levenshtein" "~2.0.4"
    "levn" "~0.3.0"
    "prelude-ls" "~1.1.2"
    "type-check" "~0.3.2"
    "wordwrap" "~1.0.0"

"path-is-absolute@^1.0.0":
  "integrity" "sha1-F0uSaHNVNP+8es5r9TpanhtcX18="
  "resolved" "https://registry.npmjs.org/path-is-absolute/-/path-is-absolute-1.0.1.tgz"
  "version" "1.0.1"

"prelude-ls@~1.1.2":
  "integrity" "sha1-IZMqVJ9eUv/ZqCf1cOBL5iqX2lQ="
  "resolved" "https://registry.npmjs.org/prelude-ls/-/prelude-ls-1.1.2.tgz"
  "version" "1.1.2"

"repeat-string@^1.5.2":
  "integrity" "sha1-jcrkcOHIirwtYA//Sndihtp15jc="
  "resolved" "https://registry.npmjs.org/repeat-string/-/repeat-string-1.6.1.tgz"
  "version" "1.6.1"

"resolve@1.1.x":
  "integrity" "sha1-IDEU2CrSxe2ejgQRs5ModeiJ6Xs="
  "resolved" "https://registry.npmjs.org/resolve/-/resolve-1.1.7.tgz"
  "version" "1.1.7"

"right-align@^0.1.1":
  "integrity" "sha1-YTObci/mo1FWiSENJOFMlhSGE+8="
  "resolved" "https://registry.npmjs.org/right-align/-/right-align-0.1.3.tgz"
  "version" "0.1.3"
  dependencies:
    "align-text" "^0.1.1"

"source-map@^0.4.4":
  "integrity" "sha1-66T12pwNyZneaAMti092FzZSA2s="
  "resolved" "https://registry.npmjs.org/source-map/-/source-map-0.4.4.tgz"
  "version" "0.4.4"
  dependencies:
    "amdefine" ">=0.0.4"

"source-map@~0.2.0":
  "integrity" "sha1-2rc/vPwrqBm03gO9b26qSBZLP50="
  "resolved" "https://registry.npmjs.org/source-map/-/source-map-0.2.0.tgz"
  "version" "0.2.0"
  dependencies:
    "amdefine" ">=0.0.4"

"source-map@~0.5.1":
  "integrity" "sha1-dc449SvwczxafwwRjYEzSiu19BI="
  "resolved" "https://registry.npmjs.org/source-map/-/source-map-0.5.6.tgz"
  "version" "0.5.6"

"sprintf-js@~1.0.2":
  "integrity" "sha1-BOaSb2YolTVPPdAVIDYzuFcpfiw="
  "resolved" "https://registry.npmjs.org/sprintf-js/-/sprintf-js-1.0.3.tgz"
  "version" "1.0.3"

"supports-color@^3.1.0":
  "integrity" "sha1-ZawFBLOVQXHYpklGsq48u4pfVPY="
  "resolved" "https://registry.npmjs.org/supports-color/-/supports-color-3.2.3.tgz"
  "version" "3.2.3"
  dependencies:
    "has-flag" "^1.0.0"

"supports-color@3.1.2":
  "integrity" "sha1-cqJiiU2dQIuVbKBf83su2KbiotU="
  "resolved" "https://registry.npmjs.org/supports-color/-/supports-color-3.1.2.tgz"
  "version" "3.1.2"
  dependencies:
    "has-flag" "^1.0.0"

"thenify@^3.2.0":
  "integrity" "sha1-JR/RyAr/blz1fLF5qx/LckJpvRE="
  "resolved" "https://registry.npmjs.org/thenify/-/thenify-3.2.1.tgz"
  "version" "3.2.1"
  dependencies:
    "any-promise" "^1.0.0"

"type-check@~0.3.2":
  "integrity" "sha1-WITKtRLPHTVeP7eE8wgEsrUg23I="
  "resolved" "https://registry.npmjs.org/type-check/-/type-check-0.3.2.tgz"
  "version" "0.3.2"
  dependencies:
    "prelude-ls" "~1.1.2"

"uglify-js@^2.6":
  "integrity" "sha1-RhLAx7qu4rp8SH3kkErhIgefLKg="
  "resolved" "https://registry.npmjs.org/uglify-js/-/uglify-js-2.7.5.tgz"
  "version" "2.7.5"
  dependencies:
    "async" "~0.2.6"
    "source-map" "~0.5.1"
    "uglify-to-browserify" "~1.0.0"
    "yargs" "~3.10.0"

"uglify-to-browserify@~1.0.0":
  "integrity" "sha1-bgkk1r2mta/jSeOabWMoUKD4grc="
  "resolved" "https://registry.npmjs.org/uglify-to-browserify/-/uglify-to-browserify-1.0.2.tgz"
  "version" "1.0.2"

"underscore@~1.4.4":
  "integrity" "sha1-YaajIBBiKvoHljvzJSA88SI51gQ="
  "resolved" "https://registry.npmjs.org/underscore/-/underscore-1.4.4.tgz"
  "version" "1.4.4"

"which@^1.1.1":
  "integrity" "sha1-3me15FAmnxlJCe8j7OTr5Bb6EZI="
  "resolved" "https://registry.npmjs.org/which/-/which-1.2.12.tgz"
  "version" "1.2.12"
  dependencies:
    "isexe" "^1.1.1"

"window-size@0.1.0":
  "integrity" "sha1-VDjNLqk7IC76Ohn+iIeu58lPnJ0="
  "resolved" "https://registry.npmjs.org/window-size/-/window-size-0.1.0.tgz"
  "version" "0.1.0"

"wordwrap@^1.0.0", "wordwrap@~1.0.0":
  "integrity" "sha1-J1hIEIkUVqQXHI0CJkQa3pDLyus="
  "resolved" "https://registry.npmjs.org/wordwrap/-/wordwrap-1.0.0.tgz"
  "version" "1.0.0"

"wordwrap@~0.0.2":
  "integrity" "sha1-o9XabNXAvAAI03I0u68b7WMFkQc="
  "resolved" "https://registry.npmjs.org/wordwrap/-/wordwrap-0.0.3.tgz"
  "version" "0.0.3"

"wordwrap@0.0.2":
  "integrity" "sha1-t5Zpu0LstAn4PVg8rVLKF+qhZD8="
  "resolved" "https://registry.npmjs.org/wordwrap/-/wordwrap-0.0.2.tgz"
  "version" "0.0.2"

"wrappy@1":
  "integrity" "sha1-tSQ9jz7BqjXxNkYFvA0QNuMKtp8="
  "resolved" "https://registry.npmjs.org/wrappy/-/wrappy-1.0.2.tgz"
  "version" "1.0.2"

"yargs@~3.10.0":
  "integrity" "sha1-9+572FfdfB0tOMDnTvvWgdFDH9E="
  "resolved" "https://registry.npmjs.org/yargs/-/yargs-3.10.0.tgz"
  "version" "3.10.0"
  dependencies:
    "camelcase" "^1.0.2"
    "cliui" "^2.1.0"
    "decamelize" "^1.0.0"
    "window-size" "0.1.0"
